
Microsoft Visual Studio Solution File, Format Version 12.00
# Visual Studio Version 16
VisualStudioVersion = 16.0.28729.10
MinimumVisualStudioVersion = 10.0.40219.1
Project("{FAE04EC0-301F-11D3-BF4B-00C04F79EFBC}") = "Toci.Hackaton.Danone.Interfaces", "Toci.Hackaton.Danone.Interfaces\Toci.Hackaton.Danone.Interfaces.csproj", "{CA42124C-CD93-4510-B094-A405D5382268}"
EndProject
Global
	GlobalSection(SolutionConfigurationPlatforms) = preSolution
		Debug|Any CPU = Debug|Any CPU
		Release|Any CPU = Release|Any CPU
	EndGlobalSection
	GlobalSection(ProjectConfigurationPlatforms) = postSolution
		{CA42124C-CD93-4510-B094-A405D5382268}.Debug|Any CPU.ActiveCfg = Debug|Any CPU
		{CA42124C-CD93-4510-B094-A405D5382268}.Debug|Any CPU.Build.0 = Debug|Any CPU
		{CA42124C-CD93-4510-B094-A405D5382268}.Release|Any CPU.ActiveCfg = Release|Any CPU
		{CA42124C-CD93-4510-B094-A405D5382268}.Release|Any CPU.Build.0 = Release|Any CPU
	EndGlobalSection
	GlobalSection(SolutionProperties) = preSolution
		HideSolutionNode = FALSE
	EndGlobalSection
	GlobalSection(ExtensibilityGlobals) = postSolution
		SolutionGuid = {255B02D2-81C5-41AF-8AB7-C8DF2FF0AD78}
	EndGlobalSection
EndGlobal
